
Microsoft Visual Studio Solution File, Format Version 12.00
# Visual Studio Version 17
VisualStudioVersion = 17.14.36221.1 d17.14
MinimumVisualStudioVersion = 10.0.40219.1
Project("{FAE04EC0-301F-11D3-BF4B-00C04F79EFBC}") = "GYM_MS", "GYM_MS.csproj", "{C59FB01F-A0CF-4DBE-901A-C83903995B87}"
EndProject
Project("{FAE04EC0-301F-11D3-BF4B-00C04F79EFBC}") = "GYM_DataAccessLayer", "..\GYM_DataAccessLayer\GYM_DataAccessLayer.csproj", "{409C2832-35A1-4462-87D5-8C238D15B56B}"
EndProject
Project("{FAE04EC0-301F-11D3-BF4B-00C04F79EFBC}") = "GYM_BuisnessLayer", "..\GYM_BuisnessLayer\GYM_BuisnessLayer.csproj", "{5C6E9AA9-2DB4-4355-963C-FBDC47377E5F}"
EndProject
Global
	GlobalSection(SolutionConfigurationPlatforms) = preSolution
		Debug|Any CPU = Debug|Any CPU
		Release|Any CPU = Release|Any CPU
	EndGlobalSection
	GlobalSection(ProjectConfigurationPlatforms) = postSolution
		{C59FB01F-A0CF-4DBE-901A-C83903995B87}.Debug|Any CPU.ActiveCfg = Debug|Any CPU
		{C59FB01F-A0CF-4DBE-901A-C83903995B87}.Debug|Any CPU.Build.0 = Debug|Any CPU
		{C59FB01F-A0CF-4DBE-901A-C83903995B87}.Release|Any CPU.ActiveCfg = Release|Any CPU
		{C59FB01F-A0CF-4DBE-901A-C83903995B87}.Release|Any CPU.Build.0 = Release|Any CPU
		{409C2832-35A1-4462-87D5-8C238D15B56B}.Debug|Any CPU.ActiveCfg = Debug|Any CPU
		{409C2832-35A1-4462-87D5-8C238D15B56B}.Debug|Any CPU.Build.0 = Debug|Any CPU
		{409C2832-35A1-4462-87D5-8C238D15B56B}.Release|Any CPU.ActiveCfg = Release|Any CPU
		{409C2832-35A1-4462-87D5-8C238D15B56B}.Release|Any CPU.Build.0 = Release|Any CPU
		{5C6E9AA9-2DB4-4355-963C-FBDC47377E5F}.Debug|Any CPU.ActiveCfg = Debug|Any CPU
		{5C6E9AA9-2DB4-4355-963C-FBDC47377E5F}.Debug|Any CPU.Build.0 = Debug|Any CPU
		{5C6E9AA9-2DB4-4355-963C-FBDC47377E5F}.Release|Any CPU.ActiveCfg = Release|Any CPU
		{5C6E9AA9-2DB4-4355-963C-FBDC47377E5F}.Release|Any CPU.Build.0 = Release|Any CPU
	EndGlobalSection
	GlobalSection(SolutionProperties) = preSolution
		HideSolutionNode = FALSE
	EndGlobalSection
	GlobalSection(ExtensibilityGlobals) = postSolution
		SolutionGuid = {35CA2457-38F0-4DCF-AEFE-BBA262C2A5E4}
	EndGlobalSection
EndGlobal
